
Microsoft Visual Studio Solution File, Format Version 12.00
# Visual Studio Version 16
VisualStudioVersion = 16.0.29519.87
MinimumVisualStudioVersion = 10.0.40219.1
Project("{FAE04EC0-301F-11D3-BF4B-00C04F79EFBC}") = "TwitterBusDialog", "TwitterBusDialog\TwitterBusDialog.csproj", "{28F5CD4A-1860-49FF-A978-8F0809628DBF}"
EndProject
Project("{FAE04EC0-301F-11D3-BF4B-00C04F79EFBC}") = "TwitterBusDialog.Core", "TwitterBusDialog.Core\TwitterBusDialog.Core.csproj", "{D7A206E1-7653-4F1A-B7B8-C2186293513D}"
EndProject
Global
	GlobalSection(SolutionConfigurationPlatforms) = preSolution
		Debug|Any CPU = Debug|Any CPU
		Release|Any CPU = Release|Any CPU
	EndGlobalSection
	GlobalSection(ProjectConfigurationPlatforms) = postSolution
		{28F5CD4A-1860-49FF-A978-8F0809628DBF}.Debug|Any CPU.ActiveCfg = Debug|Any CPU
		{28F5CD4A-1860-49FF-A978-8F0809628DBF}.Debug|Any CPU.Build.0 = Debug|Any CPU
		{28F5CD4A-1860-49FF-A978-8F0809628DBF}.Release|Any CPU.ActiveCfg = Release|Any CPU
		{28F5CD4A-1860-49FF-A978-8F0809628DBF}.Release|Any CPU.Build.0 = Release|Any CPU
		{D7A206E1-7653-4F1A-B7B8-C2186293513D}.Debug|Any CPU.ActiveCfg = Debug|Any CPU
		{D7A206E1-7653-4F1A-B7B8-C2186293513D}.Debug|Any CPU.Build.0 = Debug|Any CPU
		{D7A206E1-7653-4F1A-B7B8-C2186293513D}.Release|Any CPU.ActiveCfg = Release|Any CPU
		{D7A206E1-7653-4F1A-B7B8-C2186293513D}.Release|Any CPU.Build.0 = Release|Any CPU
	EndGlobalSection
	GlobalSection(SolutionProperties) = preSolution
		HideSolutionNode = FALSE
	EndGlobalSection
	GlobalSection(ExtensibilityGlobals) = postSolution
		SolutionGuid = {B616883E-4388-45FA-B23E-F3D406F574F0}
	EndGlobalSection
EndGlobal
